Microsoft Visual Studio Solution File, Format Version 12.00
# Visual Studio Version 17
VisualStudioVersion = 17.5.2.0
MinimumVisualStudioVersion = 10.0.40219.1
Project("{FAE04EC0-301F-11D3-BF4B-00C04F79EFBC}") = "tl2-tp8-2025-ElAguhs", "tl2-tp8-2025-ElAguhs.csproj", "{B563EE1C-53A8-2009-AF9C-B98AC8BCB8BC}"
EndProject
Global
	GlobalSection(SolutionConfigurationPlatforms) = preSolution
		Debug|Any CPU = Debug|Any CPU
		Release|Any CPU = Release|Any CPU
	EndGlobalSection
	GlobalSection(ProjectConfigurationPlatforms) = postSolution
		{B563EE1C-53A8-2009-AF9C-B98AC8BCB8BC}.Debug|Any CPU.ActiveCfg = Debug|Any CPU
		{B563EE1C-53A8-2009-AF9C-B98AC8BCB8BC}.Debug|Any CPU.Build.0 = Debug|Any CPU
		{B563EE1C-53A8-2009-AF9C-B98AC8BCB8BC}.Release|Any CPU.ActiveCfg = Release|Any CPU
		{B563EE1C-53A8-2009-AF9C-B98AC8BCB8BC}.Release|Any CPU.Build.0 = Release|Any CPU
	EndGlobalSection
	GlobalSection(SolutionProperties) = preSolution
		HideSolutionNode = FALSE
	EndGlobalSection
	GlobalSection(ExtensibilityGlobals) = postSolution
		SolutionGuid = {B4F7D370-FC0B-4513-98D0-E296E750DD1F}
	EndGlobalSection
EndGlobal
